// !$*UTF8*$!
{
	archiveVersion = 1;
	classes = {
	};
	objectVersion = 56;
	objects = {

/* Begin PBXBuildFile section */
		561FF3E92C8A3BAC007DC88E /* SeabayApp.swift in Sources */ = {isa = PBXBuildFile; fileRef = 561FF3E82C8A3BAC007DC88E /* SeabayApp.swift */; };
		561FF3EB2C8A3BAC007DC88E /* ContentView.swift in Sources */ = {isa = PBXBuildFile; fileRef = 561FF3EA2C8A3BAC007DC88E /* ContentView.swift */; };
		561FF3ED2C8A3BAC007DC88E /* Assets.xcassets in Resources */ = {isa = PBXBuildFile; fileRef = 561FF3EC2C8A3BAC007DC88E /* Assets.xcassets */; };
		561FF3F02C8A3BAC007DC88E /* Preview Assets.xcassets in Resources */ = {isa = PBXBuildFile; fileRef = 561FF3EF2C8A3BAC007DC88E /* Preview Assets.xcassets */; };
		561FF3FA2C8A3BAD007DC88E /* SeabayTests.swift in Sources */ = {isa = PBXBuildFile; fileRef = 561FF3F92C8A3BAD007DC88E /* SeabayTests.swift */; };
		561FF4042C8A3BAD007DC88E /* SeabayUITests.swift in Sources */ = {isa = PBXBuildFile; fileRef = 561FF4032C8A3BAD007DC88E /* SeabayUITests.swift */; };
		561FF4062C8A3BAD007DC88E /* SeabayUITestsLaunchTests.swift in Sources */ = {isa = PBXBuildFile; fileRef = 561FF4052C8A3BAD007DC88E /* SeabayUITestsLaunchTests.swift */; };
/* End PBXBuildFile section */

/* Begin PBXContainerItemProxy section */
		561FF3F62C8A3BAD007DC88E /* PBXContainerItemProxy */ = {
			isa = PBXContainerItemProxy;
			containerPortal = 561FF3DD2C8A3BAC007DC88E /* Project object */;
			proxyType = 1;
			remoteGlobalIDString = 561FF3E42C8A3BAC007DC88E;
			remoteInfo = Seabay;
		};
		561FF4002C8A3BAD007DC88E /* PBXContainerItemProxy */ = {
			isa = PBXContainerItemProxy;
			containerPortal = 561FF3DD2C8A3BAC007DC88E /* Project object */;
			proxyType = 1;
			remoteGlobalIDString = 561FF3E42C8A3BAC007DC88E;
			remoteInfo = Seabay;
		};
/* End PBXContainerItemProxy section */

/* Begin PBXFileReference section */
		561FF3E52C8A3BAC007DC88E /* Seabay.app */ = {isa = PBXFileReference; explicitFileType = wrapper.application; includeInIndex = 0; path = Seabay.app; sourceTree = BUILT_PRODUCTS_DIR; };
		561FF3E82C8A3BAC007DC88E /* SeabayApp.swift */ = {isa = PBXFileReference; lastKnownFileType = sourcecode.swift; path = SeabayApp.swift; sourceTree = "<group>"; };
		561FF3EA2C8A3BAC007DC88E /* ContentView.swift */ = {isa = PBXFileReference; lastKnownFileType = sourcecode.swift; path = ContentView.swift; sourceTree = "<group>"; };
		561FF3EC2C8A3BAC007DC88E /* Assets.xcassets */ = {isa = PBXFileReference; lastKnownFileType = folder.assetcatalog; path = Assets.xcassets; sourceTree = "<group>"; };
		561FF3EF2C8A3BAC007DC88E /* Preview Assets.xcassets */ = {isa = PBXFileReference; lastKnownFileType = folder.assetcatalog; path = "Preview Assets.xcassets"; sourceTree = "<group>"; };
		561FF3F52C8A3BAD007DC88E /* SeabayTests.xctest */ = {isa = PBXFileReference; explicitFileType = wrapper.cfbundle; includeInIndex = 0; path = SeabayTests.xctest; sourceTree = BUILT_PRODUCTS_DIR; };
		561FF3F92C8A3BAD007DC88E /* SeabayTests.swift */ = {isa = PBXFileReference; lastKnownFileType = sourcecode.swift; path = SeabayTests.swift; sourceTree = "<group>"; };
		561FF3FF2C8A3BAD007DC88E /* SeabayUITests.xctest */ = {isa = PBXFileReference; explicitFileType = wrapper.cfbundle; includeInIndex = 0; path = SeabayUITests.xctest; sourceTree = BUILT_PRODUCTS_DIR; };
		561FF4032C8A3BAD007DC88E /* SeabayUITests.swift */ = {isa = PBXFileReference; lastKnownFileType = sourcecode.swift; path = SeabayUITests.swift; sourceTree = "<group>"; };
		561FF4052C8A3BAD007DC88E /* SeabayUITestsLaunchTests.swift */ = {isa = PBXFileReference; lastKnownFileType = sourcecode.swift; path = SeabayUITestsLaunchTests.swift; sourceTree = "<group>"; };
/* End PBXFileReference section */

/* Begin PBXFrameworksBuildPhase section */
		561FF3E22C8A3BAC007DC88E /* Frameworks */ = {
			isa = PBXFrameworksBuildPhase;
			buildActionMask = 2147483647;
			files = (
			);
			runOnlyForDeploymentPostprocessing = 0;
		};
		561FF3F22C8A3BAD007DC88E /* Frameworks */ = {
			isa = PBXFrameworksBuildPhase;
			buildActionMask = 2147483647;
			files = (
			);
			runOnlyForDeploymentPostprocessing = 0;
		};
		561FF3FC2C8A3BAD007DC88E /* Frameworks */ = {
			isa = PBXFrameworksBuildPhase;
			buildActionMask = 2147483647;
			files = (
			);
			runOnlyForDeploymentPostprocessing = 0;
		};
/* End PBXFrameworksBuildPhase section */

/* Begin PBXGroup section */
		561FF3DC2C8A3BAC007DC88E = {
			isa = PBXGroup;
			children = (
				561FF3E72C8A3BAC007DC88E /* Seabay */,
				561FF3F82C8A3BAD007DC88E /* SeabayTests */,
				561FF4022C8A3BAD007DC88E /* SeabayUITests */,
				561FF3E62C8A3BAC007DC88E /* Products */,
			);
			sourceTree = "<group>";
		};
		561FF3E62C8A3BAC007DC88E /* Products */ = {
			isa = PBXGroup;
			children = (
				561FF3E52C8A3BAC007DC88E /* Seabay.app */,
				561FF3F52C8A3BAD007DC88E /* SeabayTests.xctest */,
				561FF3FF2C8A3BAD007DC88E /* SeabayUITests.xctest */,
			);
			name = Products;
			sourceTree = "<group>";
		};
		561FF3E72C8A3BAC007DC88E /* Seabay */ = {
			isa = PBXGroup;
			children = (
				561FF3E82C8A3BAC007DC88E /* SeabayApp.swift */,
				561FF3EA2C8A3BAC007DC88E /* ContentView.swift */,
				561FF3EC2C8A3BAC007DC88E /* Assets.xcassets */,
				561FF3EE2C8A3BAC007DC88E /* Preview Content */,
			);
			path = Seabay;
			sourceTree = "<group>";
		};
		561FF3EE2C8A3BAC007DC88E /* Preview Content */ = {
			isa = PBXGroup;
			children = (
				561FF3EF2C8A3BAC007DC88E /* Preview Assets.xcassets */,
			);
			path = "Preview Content";
			sourceTree = "<group>";
		};
		561FF3F82C8A3BAD007DC88E /* SeabayTests */ = {
			isa = PBXGroup;
			children = (
				561FF3F92C8A3BAD007DC88E /* SeabayTests.swift */,
			);
			path = SeabayTests;
			sourceTree = "<group>";
		};
		561FF4022C8A3BAD007DC88E /* SeabayUITests */ = {
			isa = PBXGroup;
			children = (
				561FF4032C8A3BAD007DC88E /* SeabayUITests.swift */,
				561FF4052C8A3BAD007DC88E /* SeabayUITestsLaunchTests.swift */,
			);
			path = SeabayUITests;
			sourceTree = "<group>";
		};
/* End PBXGroup section */

/* Begin PBXNativeTarget section */
		561FF3E42C8A3BAC007DC88E /* Seabay */ = {
			isa = PBXNativeTarget;
			buildConfigurationList = 561FF4092C8A3BAD007DC88E /* Build configuration list for PBXNativeTarget "Seabay" */;
			buildPhases = (
				561FF3E12C8A3BAC007DC88E /* Sources */,
				561FF3E22C8A3BAC007DC88E /* Frameworks */,
				561FF3E32C8A3BAC007DC88E /* Resources */,
			);
			buildRules = (
			);
			dependencies = (
			);
			name = Seabay;
			productName = Seabay;
			productReference = 561FF3E52C8A3BAC007DC88E /* Seabay.app */;
			productType = "com.apple.product-type.application";
		};
		561FF3F42C8A3BAD007DC88E /* SeabayTests */ = {
			isa = PBXNativeTarget;
			buildConfigurationList = 561FF40C2C8A3BAD007DC88E /* Build configuration list for PBXNativeTarget "SeabayTests" */;
			buildPhases = (
				561FF3F12C8A3BAD007DC88E /* Sources */,
				561FF3F22C8A3BAD007DC88E /* Frameworks */,
				561FF3F32C8A3BAD007DC88E /* Resources */,
			);
			buildRules = (
			);
			dependencies = (
				561FF3F72C8A3BAD007DC88E /* PBXTargetDependency */,
			);
			name = SeabayTests;
			productName = SeabayTests;
			productReference = 561FF3F52C8A3BAD007DC88E /* SeabayTests.xctest */;
			productType = "com.apple.product-type.bundle.unit-test";
		};
		561FF3FE2C8A3BAD007DC88E /* SeabayUITests */ = {
			isa = PBXNativeTarget;
			buildConfigurationList = 561FF40F2C8A3BAD007DC88E /* Build configuration list for PBXNativeTarget "SeabayUITests" */;
			buildPhases = (
				561FF3FB2C8A3BAD007DC88E /* Sources */,
				561FF3FC2C8A3BAD007DC88E /* Frameworks */,
				561FF3FD2C8A3BAD007DC88E /* Resources */,
			);
			buildRules = (
			);
			dependencies = (
				561FF4012C8A3BAD007DC88E /* PBXTargetDependency */,
			);
			name = SeabayUITests;
			productName = SeabayUITests;
			productReference = 561FF3FF2C8A3BAD007DC88E /* SeabayUITests.xctest */;
			productType = "com.apple.product-type.bundle.ui-testing";
		};
/* End PBXNativeTarget section */

/* Begin PBXProject section */
		561FF3DD2C8A3BAC007DC88E /* Project object */ = {
			isa = PBXProject;
			attributes = {
				BuildIndependentTargetsInParallel = 1;
				LastSwiftUpdateCheck = 1540;
				LastUpgradeCheck = 1540;
				TargetAttributes = {
					561FF3E42C8A3BAC007DC88E = {
						CreatedOnToolsVersion = 15.4;
					};
					561FF3F42C8A3BAD007DC88E = {
						CreatedOnToolsVersion = 15.4;
						TestTargetID = 561FF3E42C8A3BAC007DC88E;
					};
					561FF3FE2C8A3BAD007DC88E = {
						CreatedOnToolsVersion = 15.4;
						TestTargetID = 561FF3E42C8A3BAC007DC88E;
					};
				};
			};
			buildConfigurationList = 561FF3E02C8A3BAC007DC88E /* Build configuration list for PBXProject "Seabay" */;
			compatibilityVersion = "Xcode 14.0";
			developmentRegion = en;
			hasScannedForEncodings = 0;
			knownRegions = (
				en,
				Base,
			);
			mainGroup = 561FF3DC2C8A3BAC007DC88E;
			productRefGroup = 561FF3E62C8A3BAC007DC88E /* Products */;
			projectDirPath = "";
			projectRoot = "";
			targets = (
				561FF3E42C8A3BAC007DC88E /* Seabay */,
				561FF3F42C8A3BAD007DC88E /* SeabayTests */,
				561FF3FE2C8A3BAD007DC88E /* SeabayUITests */,
			);
		};
/* End PBXProject section */

/* Begin PBXResourcesBuildPhase section */
		561FF3E32C8A3BAC007DC88E /* Resources */ = {
			isa = PBXResourcesBuildPhase;
			buildActionMask = 2147483647;
			files = (
				561FF3F02C8A3BAC007DC88E /* Preview Assets.xcassets in Resources */,
				561FF3ED2C8A3BAC007DC88E /* Assets.xcassets in Resources */,
			);
			runOnlyForDeploymentPostprocessing = 0;
		};
		561FF3F32C8A3BAD007DC88E /* Resources */ = {
			isa = PBXResourcesBuildPhase;
			buildActionMask = 2147483647;
			files = (
			);
			runOnlyForDeploymentPostprocessing = 0;
		};
		561FF3FD2C8A3BAD007DC88E /* Resources */ = {
			isa = PBXResourcesBuildPhase;
			buildActionMask = 2147483647;
			files = (
			);
			runOnlyForDeploymentPostprocessing = 0;
		};
/* End PBXResourcesBuildPhase section */

/* Begin PBXSourcesBuildPhase section */
		561FF3E12C8A3BAC007DC88E /* Sources */ = {
			isa = PBXSourcesBuildPhase;
			buildActionMask = 2147483647;
			files = (
				561FF3EB2C8A3BAC007DC88E /* ContentView.swift in Sources */,
				561FF3E92C8A3BAC007DC88E /* SeabayApp.swift in Sources */,
			);
			runOnlyForDeploymentPostprocessing = 0;
		};
		561FF3F12C8A3BAD007DC88E /* Sources */ = {
			isa = PBXSourcesBuildPhase;
			buildActionMask = 2147483647;
			files = (
				561FF3FA2C8A3BAD007DC88E /* SeabayTests.swift in Sources */,
			);
			runOnlyForDeploymentPostprocessing = 0;
		};
		561FF3FB2C8A3BAD007DC88E /* Sources */ = {
			isa = PBXSourcesBuildPhase;
			buildActionMask = 2147483647;
			files = (
				561FF4042C8A3BAD007DC88E /* SeabayUITests.swift in Sources */,
				561FF4062C8A3BAD007DC88E /* SeabayUITestsLaunchTests.swift in Sources */,
			);
			runOnlyForDeploymentPostprocessing = 0;
		};
/* End PBXSourcesBuildPhase section */

/* Begin PBXTargetDependency section */
		561FF3F72C8A3BAD007DC88E /* PBXTargetDependency */ = {
			isa = PBXTargetDependency;
			target = 561FF3E42C8A3BAC007DC88E /* Seabay */;
			targetProxy = 561FF3F62C8A3BAD007DC88E /* PBXContainerItemProxy */;
		};
		561FF4012C8A3BAD007DC88E /* PBXTargetDependency */ = {
			isa = PBXTargetDependency;
			target = 561FF3E42C8A3BAC007DC88E /* Seabay */;
			targetProxy = 561FF4002C8A3BAD007DC88E /* PBXContainerItemProxy */;
		};
/* End PBXTargetDependency section */

/* Begin XCBuildConfiguration section */
		561FF4072C8A3BAD007DC88E /* Debug */ = {
			isa = XCBuildConfiguration;
			buildSettings = {
				ALWAYS_SEARCH_USER_PATHS = NO;
				ASSETCATALOG_COMPILER_GENERATE_SWIFT_ASSET_SYMBOL_EXTENSIONS = YES;
				CLANG_ANALYZER_NONNULL = YES;
				CLANG_ANALYZER_NUMBER_OBJECT_CONVERSION = YES_AGGRESSIVE;
				CLANG_CXX_LANGUAGE_STANDARD = "gnu++20";
				CLANG_ENABLE_MODULES = YES;
				CLANG_ENABLE_OBJC_ARC = YES;
				CLANG_ENABLE_OBJC_WEAK = YES;
				CLANG_WARN_BLOCK_CAPTURE_AUTORELEASING = YES;
				CLANG_WARN_BOOL_CONVERSION = YES;
				CLANG_WARN_COMMA = YES;
				CLANG_WARN_CONSTANT_CONVERSION = YES;
				CLANG_WARN_DEPRECATED_OBJC_IMPLEMENTATIONS = YES;
				CLANG_WARN_DIRECT_OBJC_ISA_USAGE = YES_ERROR;
				CLANG_WARN_DOCUMENTATION_COMMENTS = YES;
				CLANG_WARN_EMPTY_BODY = YES;
				CLANG_WARN_ENUM_CONVERSION = YES;
				CLANG_WARN_INFINITE_RECURSION = YES;
				CLANG_WARN_INT_CONVERSION = YES;
				CLANG_WARN_NON_LITERAL_NULL_CONVERSION = YES;
				CLANG_WARN_OBJC_IMPLICIT_RETAIN_SELF = YES;
				CLANG_WARN_OBJC_LITERAL_CONVERSION = YES;
				CLANG_WARN_OBJC_ROOT_CLASS = YES_ERROR;
				CLANG_WARN_QUOTED_INCLUDE_IN_FRAMEWORK_HEADER = YES;
				CLANG_WARN_RANGE_LOOP_ANALYSIS = YES;
				CLANG_WARN_STRICT_PROTOTYPES = YES;
				CLANG_WARN_SUSPICIOUS_MOVE = YES;
				CLANG_WARN_UNGUARDED_AVAILABILITY = YES_AGGRESSIVE;
				CLANG_WARN_UNREACHABLE_CODE = YES;
				CLANG_WARN__DUPLICATE_METHOD_MATCH = YES;
				COPY_PHASE_STRIP = NO;
				DEBUG_INFORMATION_FORMAT = dwarf;
				ENABLE_STRICT_OBJC_MSGSEND = YES;
				ENABLE_TESTABILITY = YES;
				ENABLE_USER_SCRIPT_SANDBOXING = YES;
				GCC_C_LANGUAGE_STANDARD = gnu17;
				GCC_DYNAMIC_NO_PIC = NO;
				GCC_NO_COMMON_BLOCKS = YES;
				GCC_OPTIMIZATION_LEVEL = 0;
				GCC_PREPROCESSOR_DEFINITIONS = (
					"DEBUG=1",
					"$(inherited)",
				);
				GCC_WARN_64_TO_32_BIT_CONVERSION = YES;
				GCC_WARN_ABOUT_RETURN_TYPE = YES_ERROR;
				GCC_WARN_UNDECLARED_SELECTOR = YES;
				GCC_WARN_UNINITIALIZED_AUTOS = YES_AGGRESSIVE;
				GCC_WARN_UNUSED_FUNCTION = YES;
				GCC_WARN_UNUSED_VARIABLE = YES;
				IPHONEOS_DEPLOYMENT_TARGET = 17.5;
				LOCALIZATION_PREFERS_STRING_CATALOGS = YES;
				MTL_ENABLE_DEBUG_INFO = INCLUDE_SOURCE;
				MTL_FAST_MATH = YES;
				ONLY_ACTIVE_ARCH = YES;
				SDKROOT = iphoneos;
				SWIFT_ACTIVE_COMPILATION_CONDITIONS = "DEBUG $(inherited)";
				SWIFT_OPTIMIZATION_LEVEL = "-Onone";
			};
			name = Debug;
		};
		561FF4082C8A3BAD007DC88E /* Release */ = {
			isa = XCBuildConfiguration;
			buildSettings = {
				ALWAYS_SEARCH_USER_PATHS = NO;
				ASSETCATALOG_COMPILER_GENERATE_SWIFT_ASSET_SYMBOL_EXTENSIONS = YES;
				CLANG_ANALYZER_NONNULL = YES;
				CLANG_ANALYZER_NUMBER_OBJECT_CONVERSION = YES_AGGRESSIVE;
				CLANG_CXX_LANGUAGE_STANDARD = "gnu++20";
				CLANG_ENABLE_MODULES = YES;
				CLANG_ENABLE_OBJC_ARC = YES;
				CLANG_ENABLE_OBJC_WEAK = YES;
				CLANG_WARN_BLOCK_CAPTURE_AUTORELEASING = YES;
				CLANG_WARN_BOOL_CONVERSION = YES;
				CLANG_WARN_COMMA = YES;
				CLANG_WARN_CONSTANT_CONVERSION = YES;
				CLANG_WARN_DEPRECATED_OBJC_IMPLEMENTATIONS = YES;
				CLANG_WARN_DIRECT_OBJC_ISA_USAGE = YES_ERROR;
				CLANG_WARN_DOCUMENTATION_COMMENTS = YES;
				CLANG_WARN_EMPTY_BODY = YES;
				CLANG_WARN_ENUM_CONVERSION = YES;
				CLANG_WARN_INFINITE_RECURSION = YES;
				CLANG_WARN_INT_CONVERSION = YES;
				CLANG_WARN_NON_LITERAL_NULL_CONVERSION = YES;
				CLANG_WARN_OBJC_IMPLICIT_RETAIN_SELF = YES;
				CLANG_WARN_OBJC_LITERAL_CONVERSION = YES;
				CLANG_WARN_OBJC_ROOT_CLASS = YES_ERROR;
				CLANG_WARN_QUOTED_INCLUDE_IN_FRAMEWORK_HEADER = YES;
				CLANG_WARN_RANGE_LOOP_ANALYSIS = YES;
				CLANG_WARN_STRICT_PROTOTYPES = YES;
				CLANG_WARN_SUSPICIOUS_MOVE = YES;
				CLANG_WARN_UNGUARDED_AVAILABILITY = YES_AGGRESSIVE;
				CLANG_WARN_UNREACHABLE_CODE = YES;
				CLANG_WARN__DUPLICATE_METHOD_MATCH = YES;
				COPY_PHASE_STRIP = NO;
				DEBUG_INFORMATION_FORMAT = "dwarf-with-dsym";
				ENABLE_NS_ASSERTIONS = NO;
				ENABLE_STRICT_OBJC_MSGSEND = YES;
				ENABLE_USER_SCRIPT_SANDBOXING = YES;
				GCC_C_LANGUAGE_STANDARD = gnu17;
				GCC_NO_COMMON_BLOCKS = YES;
				GCC_WARN_64_TO_32_BIT_CONVERSION = YES;
				GCC_WARN_ABOUT_RETURN_TYPE = YES_ERROR;
				GCC_WARN_UNDECLARED_SELECTOR = YES;
				GCC_WARN_UNINITIALIZED_AUTOS = YES_AGGRESSIVE;
				GCC_WARN_UNUSED_FUNCTION = YES;
				GCC_WARN_UNUSED_VARIABLE = YES;
				IPHONEOS_DEPLOYMENT_TARGET = 17.5;
				LOCALIZATION_PREFERS_STRING_CATALOGS = YES;
				MTL_ENABLE_DEBUG_INFO = NO;
				MTL_FAST_MATH = YES;
				SDKROOT = iphoneos;
				SWIFT_COMPILATION_MODE = wholemodule;
				VALIDATE_PRODUCT = YES;
			};
			name = Release;
		};
		561FF40A2C8A3BAD007DC88E /* Debug */ = {
			isa = XCBuildConfiguration;
			buildSettings = {
				ASSETCATALOG_COMPILER_APPICON_NAME = AppIcon;
				ASSETCATALOG_COMPILER_GLOBAL_ACCENT_COLOR_NAME = AccentColor;
				CODE_SIGN_STYLE = Automatic;
				CURRENT_PROJECT_VERSION = 1;
				DEVELOPMENT_ASSET_PATHS = "\"Seabay/Preview Content\"";
				ENABLE_PREVIEWS = YES;
				GENERATE_INFOPLIST_FILE = YES;
				INFOPLIST_KEY_UIApplicationSceneManifest_Generation = YES;
				INFOPLIST_KEY_UIApplicationSupportsIndirectInputEvents = YES;
				INFOPLIST_KEY_UILaunchScreen_Generation = YES;
				INFOPLIST_KEY_UISupportedInterfaceOrientations_iPad = "UIInterfaceOrientationPortrait UIInterfaceOrientationPortraitUpsideDown UIInterfaceOrientationLandscapeLeft UIInterfaceOrientationLandscapeRight";
				INFOPLIST_KEY_UISupportedInterfaceOrientations_iPhone = "UIInterfaceOrientationPortrait UIInterfaceOrientationLandscapeLeft UIInterfaceOrientationLandscapeRight";
				LD_RUNPATH_SEARCH_PATHS = (
					"$(inherited)",
					"@executable_path/Frameworks",
				);
				MARKETING_VERSION = 1.0;
				PRODUCT_BUNDLE_IDENTIFIER = example.Seabay;
				PRODUCT_NAME = "$(TARGET_NAME)";
				SWIFT_EMIT_LOC_STRINGS = YES;
				SWIFT_VERSION = 5.0;
				TARGETED_DEVICE_FAMILY = "1,2";
			};
			name = Debug;
		};
		561FF40B2C8A3BAD007DC88E /* Release */ = {
			isa = XCBuildConfiguration;
			buildSettings = {
				ASSETCATALOG_COMPILER_APPICON_NAME = AppIcon;
				ASSETCATALOG_COMPILER_GLOBAL_ACCENT_COLOR_NAME = AccentColor;
				CODE_SIGN_STYLE = Automatic;
				CURRENT_PROJECT_VERSION = 1;
				DEVELOPMENT_ASSET_PATHS = "\"Seabay/Preview Content\"";
				ENABLE_PREVIEWS = YES;
				GENERATE_INFOPLIST_FILE = YES;
				INFOPLIST_KEY_UIApplicationSceneManifest_Generation = YES;
				INFOPLIST_KEY_UIApplicationSupportsIndirectInputEvents = YES;
				INFOPLIST_KEY_UILaunchScreen_Generation = YES;
				INFOPLIST_KEY_UISupportedInterfaceOrientations_iPad = "UIInterfaceOrientationPortrait UIInterfaceOrientationPortraitUpsideDown UIInterfaceOrientationLandscapeLeft UIInterfaceOrientationLandscapeRight";
				INFOPLIST_KEY_UISupportedInterfaceOrientations_iPhone = "UIInterfaceOrientationPortrait UIInterfaceOrientationLandscapeLeft UIInterfaceOrientationLandscapeRight";
				LD_RUNPATH_SEARCH_PATHS = (
					"$(inherited)",
					"@executable_path/Frameworks",
				);
				MARKETING_VERSION = 1.0;
				PRODUCT_BUNDLE_IDENTIFIER = example.Seabay;
				PRODUCT_NAME = "$(TARGET_NAME)";
				SWIFT_EMIT_LOC_STRINGS = YES;
				SWIFT_VERSION = 5.0;
				TARGETED_DEVICE_FAMILY = "1,2";
			};
			name = Release;
		};
		561FF40D2C8A3BAD007DC88E /* Debug */ = {
			isa = XCBuildConfiguration;
			buildSettings = {
				ALWAYS_EMBED_SWIFT_STANDARD_LIBRARIES = YES;
				BUNDLE_LOADER = "$(TEST_HOST)";
				CODE_SIGN_STYLE = Automatic;
				CURRENT_PROJECT_VERSION = 1;
				GENERATE_INFOPLIST_FILE = YES;
				IPHONEOS_DEPLOYMENT_TARGET = 17.5;
				MARKETING_VERSION = 1.0;
				PRODUCT_BUNDLE_IDENTIFIER = example.SeabayTests;
				PRODUCT_NAME = "$(TARGET_NAME)";
				SWIFT_EMIT_LOC_STRINGS = NO;
				SWIFT_VERSION = 5.0;
				TARGETED_DEVICE_FAMILY = "1,2";
				TEST_HOST = "$(BUILT_PRODUCTS_DIR)/Seabay.app/$(BUNDLE_EXECUTABLE_FOLDER_PATH)/Seabay";
			};
			name = Debug;
		};
		561FF40E2C8A3BAD007DC88E /* Release */ = {
			isa = XCBuildConfiguration;
			buildSettings = {
				ALWAYS_EMBED_SWIFT_STANDARD_LIBRARIES = YES;
				BUNDLE_LOADER = "$(TEST_HOST)";
				CODE_SIGN_STYLE = Automatic;
				CURRENT_PROJECT_VERSION = 1;
				GENERATE_INFOPLIST_FILE = YES;
				IPHONEOS_DEPLOYMENT_TARGET = 17.5;
				MARKETING_VERSION = 1.0;
				PRODUCT_BUNDLE_IDENTIFIER = example.SeabayTests;
				PRODUCT_NAME = "$(TARGET_NAME)";
				SWIFT_EMIT_LOC_STRINGS = NO;
				SWIFT_VERSION = 5.0;
				TARGETED_DEVICE_FAMILY = "1,2";
				TEST_HOST = "$(BUILT_PRODUCTS_DIR)/Seabay.app/$(BUNDLE_EXECUTABLE_FOLDER_PATH)/Seabay";
			};
			name = Release;
		};
		561FF4102C8A3BAD007DC88E /* Debug */ = {
			isa = XCBuildConfiguration;
			buildSettings = {
				ALWAYS_EMBED_SWIFT_STANDARD_LIBRARIES = YES;
				CODE_SIGN_STYLE = Automatic;
				CURRENT_PROJECT_VERSION = 1;
				GENERATE_INFOPLIST_FILE = YES;
				MARKETING_VERSION = 1.0;
				PRODUCT_BUNDLE_IDENTIFIER = example.SeabayUITests;
				PRODUCT_NAME = "$(TARGET_NAME)";
				SWIFT_EMIT_LOC_STRINGS = NO;
				SWIFT_VERSION = 5.0;
				TARGETED_DEVICE_FAMILY = "1,2";
				TEST_TARGET_NAME = Seabay;
			};
			name = Debug;
		};
		561FF4112C8A3BAD007DC88E /* Release */ = {
			isa = XCBuildConfiguration;
			buildSettings = {
				ALWAYS_EMBED_SWIFT_STANDARD_LIBRARIES = YES;
				CODE_SIGN_STYLE = Automatic;
				CURRENT_PROJECT_VERSION = 1;
				GENERATE_INFOPLIST_FILE = YES;
				MARKETING_VERSION = 1.0;
				PRODUCT_BUNDLE_IDENTIFIER = example.SeabayUITests;
				PRODUCT_NAME = "$(TARGET_NAME)";
				SWIFT_EMIT_LOC_STRINGS = NO;
				SWIFT_VERSION = 5.0;
				TARGETED_DEVICE_FAMILY = "1,2";
				TEST_TARGET_NAME = Seabay;
			};
			name = Release;
		};
/* End XCBuildConfiguration section */

/* Begin XCConfigurationList section */
		561FF3E02C8A3BAC007DC88E /* Build configuration list for PBXProject "Seabay" */ = {
			isa = XCConfigurationList;
			buildConfigurations = (
				561FF4072C8A3BAD007DC88E /* Debug */,
				561FF4082C8A3BAD007DC88E /* Release */,
			);
			defaultConfigurationIsVisible = 0;
			defaultConfigurationName = Release;
		};
		561FF4092C8A3BAD007DC88E /* Build configuration list for PBXNativeTarget "Seabay" */ = {
			isa = XCConfigurationList;
			buildConfigurations = (
				561FF40A2C8A3BAD007DC88E /* Debug */,
				561FF40B2C8A3BAD007DC88E /* Release */,
			);
			defaultConfigurationIsVisible = 0;
			defaultConfigurationName = Release;
		};
		561FF40C2C8A3BAD007DC88E /* Build configuration list for PBXNativeTarget "SeabayTests" */ = {
			isa = XCConfigurationList;
			buildConfigurations = (
				561FF40D2C8A3BAD007DC88E /* Debug */,
				561FF40E2C8A3BAD007DC88E /* Release */,
			);
			defaultConfigurationIsVisible = 0;
			defaultConfigurationName = Release;
		};
		561FF40F2C8A3BAD007DC88E /* Build configuration list for PBXNativeTarget "SeabayUITests" */ = {
			isa = XCConfigurationList;
			buildConfigurations = (
				561FF4102C8A3BAD007DC88E /* Debug */,
				561FF4112C8A3BAD007DC88E /* Release */,
			);
			defaultConfigurationIsVisible = 0;
			defaultConfigurationName = Release;
		};
/* End XCConfigurationList section */
	};
	rootObject = 561FF3DD2C8A3BAC007DC88E /* Project object */;
}
